{
  "requires": true,
  "lockfileVersion": 1,
  "dependencies": {
    "codyhouse-framework": {
      "version": "2.1.13",
      "resolved": "https://registry.npmjs.org/codyhouse-framework/-/codyhouse-framework-2.1.13.tgz",
      "integrity": "sha512-rAP/uig5qrZnp97X9xQXlOZ5JFvXW9SmQtyjkzj1ruCQGNDh7Sfa7nG9rN8Mg6O2opuvBtTsj4k8aiwg8YuX/A=="
    }
  }
}
